// !$*UTF8*$!
{
	archiveVersion = 1;
	classes = {
	};
	objectVersion = 48;
	objects = {

/* Begin PBXBuildFile section */
		6160385C206E35D1000C2F59 /* AppDelegate.swift in Sources */ = {isa = PBXBuildFile; fileRef = 6160385B206E35D1000C2F59 /* AppDelegate.swift */; };
		6160385E206E35D1000C2F59 /* ViewController.swift in Sources */ = {isa = PBXBuildFile; fileRef = 6160385D206E35D1000C2F59 /* ViewController.swift */; };
		61603861206E35D1000C2F59 /* Main.storyboard in Resources */ = {isa = PBXBuildFile; fileRef = 6160385F206E35D1000C2F59 /* Main.storyboard */; };
		61603863206E35D1000C2F59 /* Assets.xcassets in Resources */ = {isa = PBXBuildFile; fileRef = 61603862206E35D1000C2F59 /* Assets.xcassets */; };
		61603866206E35D1000C2F59 /* LaunchScreen.storyboard in Resources */ = {isa = PBXBuildFile; fileRef = 61603864206E35D1000C2F59 /* LaunchScreen.storyboard */; };
		61603871206E35D1000C2F59 /* MockTests.swift in Sources */ = {isa = PBXBuildFile; fileRef = 61603870206E35D1000C2F59 /* MockTests.swift */; };
		6160387C206E35D1000C2F59 /* MockUITests.swift in Sources */ = {isa = PBXBuildFile; fileRef = 6160387B206E35D1000C2F59 /* MockUITests.swift */; };
/* End PBXBuildFile section */

/* Begin PBXContainerItemProxy section */
		6160386D206E35D1000C2F59 /* PBXContainerItemProxy */ = {
			isa = PBXContainerItemProxy;
			containerPortal = 61603850206E35D1000C2F59 /* Project object */;
			proxyType = 1;
			remoteGlobalIDString = 61603857206E35D1000C2F59;
			remoteInfo = Mock;
		};
		61603878206E35D1000C2F59 /* PBXContainerItemProxy */ = {
			isa = PBXContainerItemProxy;
			containerPortal = 61603850206E35D1000C2F59 /* Project object */;
			proxyType = 1;
			remoteGlobalIDString = 61603857206E35D1000C2F59;
			remoteInfo = Mock;
		};
/* End PBXContainerItemProxy section */

/* Begin PBXFileReference section */
		61603858206E35D1000C2F59 /* Mock.app */ = {isa = PBXFileReference; explicitFileType = wrapper.application; includeInIndex = 0; path = Mock.app; sourceTree = BUILT_PRODUCTS_DIR; };
		6160385B206E35D1000C2F59 /* AppDelegate.swift */ = {isa = PBXFileReference; lastKnownFileType = sourcecode.swift; path = AppDelegate.swift; sourceTree = "<group>"; };
		6160385D206E35D1000C2F59 /* ViewController.swift */ = {isa = PBXFileReference; lastKnownFileType = sourcecode.swift; path = ViewController.swift; sourceTree = "<group>"; };
		61603860206E35D1000C2F59 /* Base */ = {isa = PBXFileReference; lastKnownFileType = file.storyboard; name = Base; path = Base.lproj/Main.storyboard; sourceTree = "<group>"; };
		61603862206E35D1000C2F59 /* Assets.xcassets */ = {isa = PBXFileReference; lastKnownFileType = folder.assetcatalog; path = Assets.xcassets; sourceTree = "<group>"; };
		61603865206E35D1000C2F59 /* Base */ = {isa = PBXFileReference; lastKnownFileType = file.storyboard; name = Base; path = Base.lproj/LaunchScreen.storyboard; sourceTree = "<group>"; };
		61603867206E35D1000C2F59 /* Info.plist */ = {isa = PBXFileReference; lastKnownFileType = text.plist.xml; path = Info.plist; sourceTree = "<group>"; };
		6160386C206E35D1000C2F59 /* MockTests.xctest */ = {isa = PBXFileReference; explicitFileType = wrapper.cfbundle; includeInIndex = 0; path = MockTests.xctest; sourceTree = BUILT_PRODUCTS_DIR; };
		61603870206E35D1000C2F59 /* MockTests.swift */ = {isa = PBXFileReference; lastKnownFileType = sourcecode.swift; path = MockTests.swift; sourceTree = "<group>"; };
		61603872206E35D1000C2F59 /* Info.plist */ = {isa = PBXFileReference; lastKnownFileType = text.plist.xml; path = Info.plist; sourceTree = "<group>"; };
		61603877206E35D1000C2F59 /* MockUITests.xctest */ = {isa = PBXFileReference; explicitFileType = wrapper.cfbundle; includeInIndex = 0; path = MockUITests.xctest; sourceTree = BUILT_PRODUCTS_DIR; };
		6160387B206E35D1000C2F59 /* MockUITests.swift */ = {isa = PBXFileReference; lastKnownFileType = sourcecode.swift; path = MockUITests.swift; sourceTree = "<group>"; };
		6160387D206E35D1000C2F59 /* Info.plist */ = {isa = PBXFileReference; lastKnownFileType = text.plist.xml; path = Info.plist; sourceTree = "<group>"; };
/* End PBXFileReference section */

/* Begin PBXFrameworksBuildPhase section */
		61603855206E35D1000C2F59 /* Frameworks */ = {
			isa = PBXFrameworksBuildPhase;
			buildActionMask = 2147483647;
			files = (
			);
			runOnlyForDeploymentPostprocessing = 0;
		};
		61603869206E35D1000C2F59 /* Frameworks */ = {
			isa = PBXFrameworksBuildPhase;
			buildActionMask = 2147483647;
			files = (
			);
			runOnlyForDeploymentPostprocessing = 0;
		};
		61603874206E35D1000C2F59 /* Frameworks */ = {
			isa = PBXFrameworksBuildPhase;
			buildActionMask = 2147483647;
			files = (
			);
			runOnlyForDeploymentPostprocessing = 0;
		};
/* End PBXFrameworksBuildPhase section */

/* Begin PBXGroup section */
		6160384F206E35D1000C2F59 = {
			isa = PBXGroup;
			children = (
				6160385A206E35D1000C2F59 /* Mock */,
				6160386F206E35D1000C2F59 /* MockTests */,
				6160387A206E35D1000C2F59 /* MockUITests */,
				61603859206E35D1000C2F59 /* Products */,
			);
			sourceTree = "<group>";
		};
		61603859206E35D1000C2F59 /* Products */ = {
			isa = PBXGroup;
			children = (
				61603858206E35D1000C2F59 /* Mock.app */,
				6160386C206E35D1000C2F59 /* MockTests.xctest */,
				61603877206E35D1000C2F59 /* MockUITests.xctest */,
			);
			name = Products;
			sourceTree = "<group>";
		};
		6160385A206E35D1000C2F59 /* Mock */ = {
			isa = PBXGroup;
			children = (
				6160385B206E35D1000C2F59 /* AppDelegate.swift */,
				6160385D206E35D1000C2F59 /* ViewController.swift */,
				6160385F206E35D1000C2F59 /* Main.storyboard */,
				61603862206E35D1000C2F59 /* Assets.xcassets */,
				61603864206E35D1000C2F59 /* LaunchScreen.storyboard */,
				61603867206E35D1000C2F59 /* Info.plist */,
			);
			path = Mock;
			sourceTree = "<group>";
		};
		6160386F206E35D1000C2F59 /* MockTests */ = {
			isa = PBXGroup;
			children = (
				61603870206E35D1000C2F59 /* MockTests.swift */,
				61603872206E35D1000C2F59 /* Info.plist */,
			);
			path = MockTests;
			sourceTree = "<group>";
		};
		6160387A206E35D1000C2F59 /* MockUITests */ = {
			isa = PBXGroup;
			children = (
				6160387B206E35D1000C2F59 /* MockUITests.swift */,
				6160387D206E35D1000C2F59 /* Info.plist */,
			);
			path = MockUITests;
			sourceTree = "<group>";
		};
/* End PBXGroup section */

/* Begin PBXNativeTarget section */
		61603857206E35D1000C2F59 /* Mock */ = {
			isa = PBXNativeTarget;
			buildConfigurationList = 61603880206E35D1000C2F59 /* Build configuration list for PBXNativeTarget "Mock" */;
			buildPhases = (
				61603854206E35D1000C2F59 /* Sources */,
				61603855206E35D1000C2F59 /* Frameworks */,
				61603856206E35D1000C2F59 /* Resources */,
			);
			buildRules = (
			);
			dependencies = (
			);
			name = Mock;
			productName = Mock;
			productReference = 61603858206E35D1000C2F59 /* Mock.app */;
			productType = "com.apple.product-type.application";
		};
		6160386B206E35D1000C2F59 /* MockTests */ = {
			isa = PBXNativeTarget;
			buildConfigurationList = 61603883206E35D1000C2F59 /* Build configuration list for PBXNativeTarget "MockTests" */;
			buildPhases = (
				61603868206E35D1000C2F59 /* Sources */,
				61603869206E35D1000C2F59 /* Frameworks */,
				6160386A206E35D1000C2F59 /* Resources */,
			);
			buildRules = (
			);
			dependencies = (
				6160386E206E35D1000C2F59 /* PBXTargetDependency */,
			);
			name = MockTests;
			productName = MockTests;
			productReference = 6160386C206E35D1000C2F59 /* MockTests.xctest */;
			productType = "com.apple.product-type.bundle.unit-test";
		};
		61603876206E35D1000C2F59 /* MockUITests */ = {
			isa = PBXNativeTarget;
			buildConfigurationList = 61603886206E35D1000C2F59 /* Build configuration list for PBXNativeTarget "MockUITests" */;
			buildPhases = (
				61603873206E35D1000C2F59 /* Sources */,
				61603874206E35D1000C2F59 /* Frameworks */,
				61603875206E35D1000C2F59 /* Resources */,
			);
			buildRules = (
			);
			dependencies = (
				61603879206E35D1000C2F59 /* PBXTargetDependency */,
			);
			name = MockUITests;
			productName = MockUITests;
			productReference = 61603877206E35D1000C2F59 /* MockUITests.xctest */;
			productType = "com.apple.product-type.bundle.ui-testing";
		};
/* End PBXNativeTarget section */

/* Begin PBXProject section */
		61603850206E35D1000C2F59 /* Project object */ = {
			isa = PBXProject;
			attributes = {
				LastSwiftUpdateCheck = 0900;
				LastUpgradeCheck = 0900;
				ORGANIZATIONNAME = xiuye;
				TargetAttributes = {
					61603857206E35D1000C2F59 = {
						CreatedOnToolsVersion = 9.0;
						ProvisioningStyle = Automatic;
					};
					6160386B206E35D1000C2F59 = {
						CreatedOnToolsVersion = 9.0;
						ProvisioningStyle = Automatic;
						TestTargetID = 61603857206E35D1000C2F59;
					};
					61603876206E35D1000C2F59 = {
						CreatedOnToolsVersion = 9.0;
						ProvisioningStyle = Automatic;
						TestTargetID = 61603857206E35D1000C2F59;
					};
				};
			};
			buildConfigurationList = 61603853206E35D1000C2F59 /* Build configuration list for PBXProject "Mock" */;
			compatibilityVersion = "Xcode 8.0";
			developmentRegion = en;
			hasScannedForEncodings = 0;
			knownRegions = (
				en,
				Base,
			);
			mainGroup = 6160384F206E35D1000C2F59;
			productRefGroup = 61603859206E35D1000C2F59 /* Products */;
			projectDirPath = "";
			projectRoot = "";
			targets = (
				61603857206E35D1000C2F59 /* Mock */,
				6160386B206E35D1000C2F59 /* MockTests */,
				61603876206E35D1000C2F59 /* MockUITests */,
			);
		};
/* End PBXProject section */

/* Begin PBXResourcesBuildPhase section */
		61603856206E35D1000C2F59 /* Resources */ = {
			isa = PBXResourcesBuildPhase;
			buildActionMask = 2147483647;
			files = (
				61603866206E35D1000C2F59 /* LaunchScreen.storyboard in Resources */,
				61603863206E35D1000C2F59 /* Assets.xcassets in Resources */,
				61603861206E35D1000C2F59 /* Main.storyboard in Resources */,
			);
			runOnlyForDeploymentPostprocessing = 0;
		};
		6160386A206E35D1000C2F59 /* Resources */ = {
			isa = PBXResourcesBuildPhase;
			buildActionMask = 2147483647;
			files = (
			);
			runOnlyForDeploymentPostprocessing = 0;
		};
		61603875206E35D1000C2F59 /* Resources */ = {
			isa = PBXResourcesBuildPhase;
			buildActionMask = 2147483647;
			files = (
			);
			runOnlyForDeploymentPostprocessing = 0;
		};
/* End PBXResourcesBuildPhase section */

/* Begin PBXSourcesBuildPhase section */
		61603854206E35D1000C2F59 /* Sources */ = {
			isa = PBXSourcesBuildPhase;
			buildActionMask = 2147483647;
			files = (
				6160385E206E35D1000C2F59 /* ViewController.swift in Sources */,
				6160385C206E35D1000C2F59 /* AppDelegate.swift in Sources */,
			);
			runOnlyForDeploymentPostprocessing = 0;
		};
		61603868206E35D1000C2F59 /* Sources */ = {
			isa = PBXSourcesBuildPhase;
			buildActionMask = 2147483647;
			files = (
				61603871206E35D1000C2F59 /* MockTests.swift in Sources */,
			);
			runOnlyForDeploymentPostprocessing = 0;
		};
		61603873206E35D1000C2F59 /* Sources */ = {
			isa = PBXSourcesBuildPhase;
			buildActionMask = 2147483647;
			files = (
				6160387C206E35D1000C2F59 /* MockUITests.swift in Sources */,
			);
			runOnlyForDeploymentPostprocessing = 0;
		};
/* End PBXSourcesBuildPhase section */

/* Begin PBXTargetDependency section */
		6160386E206E35D1000C2F59 /* PBXTargetDependency */ = {
			isa = PBXTargetDependency;
			target = 61603857206E35D1000C2F59 /* Mock */;
			targetProxy = 6160386D206E35D1000C2F59 /* PBXContainerItemProxy */;
		};
		61603879206E35D1000C2F59 /* PBXTargetDependency */ = {
			isa = PBXTargetDependency;
			target = 61603857206E35D1000C2F59 /* Mock */;
			targetProxy = 61603878206E35D1000C2F59 /* PBXContainerItemProxy */;
		};
/* End PBXTargetDependency section */

/* Begin PBXVariantGroup section */
		6160385F206E35D1000C2F59 /* Main.storyboard */ = {
			isa = PBXVariantGroup;
			children = (
				61603860206E35D1000C2F59 /* Base */,
			);
			name = Main.storyboard;
			sourceTree = "<group>";
		};
		61603864206E35D1000C2F59 /* LaunchScreen.storyboard */ = {
			isa = PBXVariantGroup;
			children = (
				61603865206E35D1000C2F59 /* Base */,
			);
			name = LaunchScreen.storyboard;
			sourceTree = "<group>";
		};
/* End PBXVariantGroup section */

/* Begin XCBuildConfiguration section */
		6160387E206E35D1000C2F59 /* Debug */ = {
			isa = XCBuildConfiguration;
			buildSettings = {
				ALWAYS_SEARCH_USER_PATHS = NO;
				CLANG_ANALYZER_NONNULL = YES;
				CLANG_ANALYZER_NUMBER_OBJECT_CONVERSION = YES_AGGRESSIVE;
				CLANG_CXX_LANGUAGE_STANDARD = "gnu++14";
				CLANG_CXX_LIBRARY = "libc++";
				CLANG_ENABLE_MODULES = YES;
				CLANG_ENABLE_OBJC_ARC = YES;
				CLANG_WARN_BLOCK_CAPTURE_AUTORELEASING = YES;
				CLANG_WARN_BOOL_CONVERSION = YES;
				CLANG_WARN_COMMA = YES;
				CLANG_WARN_CONSTANT_CONVERSION = YES;
				CLANG_WARN_DIRECT_OBJC_ISA_USAGE = YES_ERROR;
				CLANG_WARN_DOCUMENTATION_COMMENTS = YES;
				CLANG_WARN_EMPTY_BODY = YES;
				CLANG_WARN_ENUM_CONVERSION = YES;
				CLANG_WARN_INFINITE_RECURSION = YES;
				CLANG_WARN_INT_CONVERSION = YES;
				CLANG_WARN_NON_LITERAL_NULL_CONVERSION = YES;
				CLANG_WARN_OBJC_LITERAL_CONVERSION = YES;
				CLANG_WARN_OBJC_ROOT_CLASS = YES_ERROR;
				CLANG_WARN_RANGE_LOOP_ANALYSIS = YES;
				CLANG_WARN_STRICT_PROTOTYPES = YES;
				CLANG_WARN_SUSPICIOUS_MOVE = YES;
				CLANG_WARN_UNGUARDED_AVAILABILITY = YES_AGGRESSIVE;
				CLANG_WARN_UNREACHABLE_CODE = YES;
				CLANG_WARN__DUPLICATE_METHOD_MATCH = YES;
				CODE_SIGN_IDENTITY = "iPhone Developer";
				COPY_PHASE_STRIP = NO;
				DEBUG_INFORMATION_FORMAT = dwarf;
				ENABLE_STRICT_OBJC_MSGSEND = YES;
				ENABLE_TESTABILITY = YES;
				GCC_C_LANGUAGE_STANDARD = gnu11;
				GCC_DYNAMIC_NO_PIC = NO;
				GCC_NO_COMMON_BLOCKS = YES;
				GCC_OPTIMIZATION_LEVEL = 0;
				GCC_PREPROCESSOR_DEFINITIONS = (
					"DEBUG=1",
					"$(inherited)",
				);
				GCC_WARN_64_TO_32_BIT_CONVERSION = YES;
				GCC_WARN_ABOUT_RETURN_TYPE = YES_ERROR;
				GCC_WARN_UNDECLARED_SELECTOR = YES;
				GCC_WARN_UNINITIALIZED_AUTOS = YES_AGGRESSIVE;
				GCC_WARN_UNUSED_FUNCTION = YES;
				GCC_WARN_UNUSED_VARIABLE = YES;
				IPHONEOS_DEPLOYMENT_TARGET = 11.0;
				MTL_ENABLE_DEBUG_INFO = YES;
				ONLY_ACTIVE_ARCH = YES;
				SDKROOT = iphoneos;
				SWIFT_ACTIVE_COMPILATION_CONDITIONS = DEBUG;
				SWIFT_OPTIMIZATION_LEVEL = "-Onone";
			};
			name = Debug;
		};
		6160387F206E35D1000C2F59 /* Release */ = {
			isa = XCBuildConfiguration;
			buildSettings = {
				ALWAYS_SEARCH_USER_PATHS = NO;
				CLANG_ANALYZER_NONNULL = YES;
				CLANG_ANALYZER_NUMBER_OBJECT_CONVERSION = YES_AGGRESSIVE;
				CLANG_CXX_LANGUAGE_STANDARD = "gnu++14";
				CLANG_CXX_LIBRARY = "libc++";
				CLANG_ENABLE_MODULES = YES;
				CLANG_ENABLE_OBJC_ARC = YES;
				CLANG_WARN_BLOCK_CAPTURE_AUTORELEASING = YES;
				CLANG_WARN_BOOL_CONVERSION = YES;
				CLANG_WARN_COMMA = YES;
				CLANG_WARN_CONSTANT_CONVERSION = YES;
				CLANG_WARN_DIRECT_OBJC_ISA_USAGE = YES_ERROR;
				CLANG_WARN_DOCUMENTATION_COMMENTS = YES;
				CLANG_WARN_EMPTY_BODY = YES;
				CLANG_WARN_ENUM_CONVERSION = YES;
				CLANG_WARN_INFINITE_RECURSION = YES;
				CLANG_WARN_INT_CONVERSION = YES;
				CLANG_WARN_NON_LITERAL_NULL_CONVERSION = YES;
				CLANG_WARN_OBJC_LITERAL_CONVERSION = YES;
				CLANG_WARN_OBJC_ROOT_CLASS = YES_ERROR;
				CLANG_WARN_RANGE_LOOP_ANALYSIS = YES;
				CLANG_WARN_STRICT_PROTOTYPES = YES;
				CLANG_WARN_SUSPICIOUS_MOVE = YES;
				CLANG_WARN_UNGUARDED_AVAILABILITY = YES_AGGRESSIVE;
				CLANG_WARN_UNREACHABLE_CODE = YES;
				CLANG_WARN__DUPLICATE_METHOD_MATCH = YES;
				CODE_SIGN_IDENTITY = "iPhone Developer";
				COPY_PHASE_STRIP = NO;
				DEBUG_INFORMATION_FORMAT = "dwarf-with-dsym";
				ENABLE_NS_ASSERTIONS = NO;
				ENABLE_STRICT_OBJC_MSGSEND = YES;
				GCC_C_LANGUAGE_STANDARD = gnu11;
				GCC_NO_COMMON_BLOCKS = YES;
				GCC_WARN_64_TO_32_BIT_CONVERSION = YES;
				GCC_WARN_ABOUT_RETURN_TYPE = YES_ERROR;
				GCC_WARN_UNDECLARED_SELECTOR = YES;
				GCC_WARN_UNINITIALIZED_AUTOS = YES_AGGRESSIVE;
				GCC_WARN_UNUSED_FUNCTION = YES;
				GCC_WARN_UNUSED_VARIABLE = YES;
				IPHONEOS_DEPLOYMENT_TARGET = 11.0;
				MTL_ENABLE_DEBUG_INFO = NO;
				SDKROOT = iphoneos;
				SWIFT_OPTIMIZATION_LEVEL = "-Owholemodule";
				VALIDATE_PRODUCT = YES;
			};
			name = Release;
		};
		61603881206E35D1000C2F59 /* Debug */ = {
			isa = XCBuildConfiguration;
			buildSettings = {
				ASSETCATALOG_COMPILER_APPICON_NAME = AppIcon;
				CODE_SIGN_STYLE = Automatic;
				DEVELOPMENT_TEAM = YNQK9CAK37;
				INFOPLIST_FILE = Mock/Info.plist;
				LD_RUNPATH_SEARCH_PATHS = "$(inherited) @executable_path/Frameworks";
				PRODUCT_BUNDLE_IDENTIFIER = com.baishi.Mock;
				PRODUCT_NAME = "$(TARGET_NAME)";
				SWIFT_VERSION = 4.0;
				TARGETED_DEVICE_FAMILY = "1,2";
			};
			name = Debug;
		};
		61603882206E35D1000C2F59 /* Release */ = {
			isa = XCBuildConfiguration;
			buildSettings = {
				ASSETCATALOG_COMPILER_APPICON_NAME = AppIcon;
				CODE_SIGN_STYLE = Automatic;
				DEVELOPMENT_TEAM = YNQK9CAK37;
				INFOPLIST_FILE = Mock/Info.plist;
				LD_RUNPATH_SEARCH_PATHS = "$(inherited) @executable_path/Frameworks";
				PRODUCT_BUNDLE_IDENTIFIER = com.baishi.Mock;
				PRODUCT_NAME = "$(TARGET_NAME)";
				SWIFT_VERSION = 4.0;
				TARGETED_DEVICE_FAMILY = "1,2";
			};
			name = Release;
		};
		61603884206E35D1000C2F59 /* Debug */ = {
			isa = XCBuildConfiguration;
			buildSettings = {
				ALWAYS_EMBED_SWIFT_STANDARD_LIBRARIES = YES;
				BUNDLE_LOADER = "$(TEST_HOST)";
				CODE_SIGN_STYLE = Automatic;
				DEVELOPMENT_TEAM = YNQK9CAK37;
				INFOPLIST_FILE = MockTests/Info.plist;
				LD_RUNPATH_SEARCH_PATHS = "$(inherited) @executable_path/Frameworks @loader_path/Frameworks";
				PRODUCT_BUNDLE_IDENTIFIER = com.baishi.MockTests;
				PRODUCT_NAME = "$(TARGET_NAME)";
				SWIFT_VERSION = 4.0;
				TARGETED_DEVICE_FAMILY = "1,2";
				TEST_HOST = "$(BUILT_PRODUCTS_DIR)/Mock.app/Mock";
			};
			name = Debug;
		};
		61603885206E35D1000C2F59 /* Release */ = {
			isa = XCBuildConfiguration;
			buildSettings = {
				ALWAYS_EMBED_SWIFT_STANDARD_LIBRARIES = YES;
				BUNDLE_LOADER = "$(TEST_HOST)";
				CODE_SIGN_STYLE = Automatic;
				DEVELOPMENT_TEAM = YNQK9CAK37;
				INFOPLIST_FILE = MockTests/Info.plist;
				LD_RUNPATH_SEARCH_PATHS = "$(inherited) @executable_path/Frameworks @loader_path/Frameworks";
				PRODUCT_BUNDLE_IDENTIFIER = com.baishi.MockTests;
				PRODUCT_NAME = "$(TARGET_NAME)";
				SWIFT_VERSION = 4.0;
				TARGETED_DEVICE_FAMILY = "1,2";
				TEST_HOST = "$(BUILT_PRODUCTS_DIR)/Mock.app/Mock";
			};
			name = Release;
		};
		61603887206E35D1000C2F59 /* Debug */ = {
			isa = XCBuildConfiguration;
			buildSettings = {
				ALWAYS_EMBED_SWIFT_STANDARD_LIBRARIES = YES;
				CODE_SIGN_STYLE = Automatic;
				DEVELOPMENT_TEAM = YNQK9CAK37;
				INFOPLIST_FILE = MockUITests/Info.plist;
				LD_RUNPATH_SEARCH_PATHS = "$(inherited) @executable_path/Frameworks @loader_path/Frameworks";
				PRODUCT_BUNDLE_IDENTIFIER = com.baishi.MockUITests;
				PRODUCT_NAME = "$(TARGET_NAME)";
				SWIFT_VERSION = 4.0;
				TARGETED_DEVICE_FAMILY = "1,2";
				TEST_TARGET_NAME = Mock;
			};
			name = Debug;
		};
		61603888206E35D1000C2F59 /* Release */ = {
			isa = XCBuildConfiguration;
			buildSettings = {
				ALWAYS_EMBED_SWIFT_STANDARD_LIBRARIES = YES;
				CODE_SIGN_STYLE = Automatic;
				DEVELOPMENT_TEAM = YNQK9CAK37;
				INFOPLIST_FILE = MockUITests/Info.plist;
				LD_RUNPATH_SEARCH_PATHS = "$(inherited) @executable_path/Frameworks @loader_path/Frameworks";
				PRODUCT_BUNDLE_IDENTIFIER = com.baishi.MockUITests;
				PRODUCT_NAME = "$(TARGET_NAME)";
				SWIFT_VERSION = 4.0;
				TARGETED_DEVICE_FAMILY = "1,2";
				TEST_TARGET_NAME = Mock;
			};
			name = Release;
		};
/* End XCBuildConfiguration section */

/* Begin XCConfigurationList section */
		61603853206E35D1000C2F59 /* Build configuration list for PBXProject "Mock" */ = {
			isa = XCConfigurationList;
			buildConfigurations = (
				6160387E206E35D1000C2F59 /* Debug */,
				6160387F206E35D1000C2F59 /* Release */,
			);
			defaultConfigurationIsVisible = 0;
			defaultConfigurationName = Release;
		};
		61603880206E35D1000C2F59 /* Build configuration list for PBXNativeTarget "Mock" */ = {
			isa = XCConfigurationList;
			buildConfigurations = (
				61603881206E35D1000C2F59 /* Debug */,
				61603882206E35D1000C2F59 /* Release */,
			);
			defaultConfigurationIsVisible = 0;
			defaultConfigurationName = Release;
		};
		61603883206E35D1000C2F59 /* Build configuration list for PBXNativeTarget "MockTests" */ = {
			isa = XCConfigurationList;
			buildConfigurations = (
				61603884206E35D1000C2F59 /* Debug */,
				61603885206E35D1000C2F59 /* Release */,
			);
			defaultConfigurationIsVisible = 0;
			defaultConfigurationName = Release;
		};
		61603886206E35D1000C2F59 /* Build configuration list for PBXNativeTarget "MockUITests" */ = {
			isa = XCConfigurationList;
			buildConfigurations = (
				61603887206E35D1000C2F59 /* Debug */,
				61603888206E35D1000C2F59 /* Release */,
			);
			defaultConfigurationIsVisible = 0;
			defaultConfigurationName = Release;
		};
/* End XCConfigurationList section */
	};
	rootObject = 61603850206E35D1000C2F59 /* Project object */;
}
